<?xml version="1.0" encoding="utf-8"?>
<Project ToolsVersion="4.0" xmlns="http://schemas.microsoft.com/developer/msbuild/2003">
  <ItemGroup>
    <Filter Include="Source Files">
      <UniqueIdentifier>{4FC737F1-C7A5-4376-A066-2A32D752A2FF}</UniqueIdentifier>
      <Extensions>cpp;c;cc;cxx;def;odl;idl;hpj;bat;asm;asmx</Extensions>
    </Filter>
    <Filter Include="Header Files">
      <UniqueIdentifier>{93995380-89BD-4b04-88EB-625FBE52EBFB}</UniqueIdentifier>
      <Extensions>h;hpp;hxx;hm;inl;inc;xsd</Extensions>
    </Filter>
    <Filter Include="Resource Files">
      <UniqueIdentifier>{67DA6AB6-F800-4c08-8B7A-83BB121AAD01}</UniqueIdentifier>
      <Extensions>rc;ico;cur;bmp;dlg;rc2;rct;bin;rgs;gif;jpg;jpeg;jpe;resx;tiff;tif;png;wav;mfcribbon-ms</Extensions>
    </Filter>
    <Filter Include="Source Files\MongoC">
      <UniqueIdentifier>{2b2a858d-cdd6-4e95-8606-614837f17ed0}</UniqueIdentifier>
    </Filter>
  </ItemGroup>
  <ItemGroup>
    <ClCompile Include="connection_pool_test.c">
      <Filter>Source Files</Filter>
    </ClCompile>
    <ClCompile Include="..\..\src\connection_pool.c">
      <Filter>Source Files</Filter>
    </ClCompile>
    <ClCompile Include="..\..\src\bcon.c">
      <Filter>Source Files\MongoC</Filter>
    </ClCompile>
    <ClCompile Include="..\..\src\bson.c">
      <Filter>Source Files\MongoC</Filter>
    </ClCompile>
    <ClCompile Include="..\..\src\dllmain.cpp">
      <Filter>Source Files\MongoC</Filter>
    </ClCompile>
    <ClCompile Include="..\..\src\encoding.c">
      <Filter>Source Files\MongoC</Filter>
    </ClCompile>
    <ClCompile Include="..\..\src\env.c">
      <Filter>Source Files\MongoC</Filter>
    </ClCompile>
    <ClCompile Include="..\..\src\gridfs.c">
      <Filter>Source Files\MongoC</Filter>
    </ClCompile>
    <ClCompile Include="..\..\src\md5.c">
      <Filter>Source Files\MongoC</Filter>
    </ClCompile>
    <ClCompile Include="..\..\src\mongo.c">
      <Filter>Source Files\MongoC</Filter>
    </ClCompile>
    <ClCompile Include="..\..\src\MongoC.cpp">
      <Filter>Source Files\MongoC</Filter>
    </ClCompile>
    <ClCompile Include="..\..\src\numbers.c">
      <Filter>Source Files\MongoC</Filter>
    </ClCompile>
    <ClCompile Include="..\..\src\ZLib_AES_Filter.c">
      <Filter>Source Files\MongoC</Filter>
    </ClCompile>
    <ClCompile Include="..\..\..\fast-aes\ext\rijndael-alg-fst.c">
      <Filter>Source Files\MongoC</Filter>
    </ClCompile>
    <ClCompile Include="..\..\..\zlib\adler32.c">
      <Filter>Source Files\MongoC</Filter>
    </ClCompile>
    <ClCompile Include="..\..\..\zlib\compress.c">
      <Filter>Source Files\MongoC</Filter>
    </ClCompile>
    <ClCompile Include="..\..\..\zlib\crc32.c">
      <Filter>Source Files\MongoC</Filter>
    </ClCompile>
    <ClCompile Include="..\..\..\zlib\deflate.c">
      <Filter>Source Files\MongoC</Filter>
    </ClCompile>
    <ClCompile Include="..\..\..\zlib\gzclose.c">
      <Filter>Source Files\MongoC</Filter>
    </ClCompile>
    <ClCompile Include="..\..\..\zlib\gzlib.c">
      <Filter>Source Files\MongoC</Filter>
    </ClCompile>
    <ClCompile Include="..\..\..\zlib\gzread.c">
      <Filter>Source Files\MongoC</Filter>
    </ClCompile>
    <ClCompile Include="..\..\..\zlib\gzwrite.c">
      <Filter>Source Files\MongoC</Filter>
    </ClCompile>
    <ClCompile Include="..\..\..\zlib\infback.c">
      <Filter>Source Files\MongoC</Filter>
    </ClCompile>
    <ClCompile Include="..\..\..\zlib\inffast.c">
      <Filter>Source Files\MongoC</Filter>
    </ClCompile>
    <ClCompile Include="..\..\..\zlib\inflate.c">
      <Filter>Source Files\MongoC</Filter>
    </ClCompile>
    <ClCompile Include="..\..\..\zlib\inftrees.c">
      <Filter>Source Files\MongoC</Filter>
    </ClCompile>
    <ClCompile Include="..\..\..\zlib\trees.c">
      <Filter>Source Files\MongoC</Filter>
    </ClCompile>
    <ClCompile Include="..\..\..\zlib\uncompr.c">
      <Filter>Source Files\MongoC</Filter>
    </ClCompile>
    <ClCompile Include="..\..\..\zlib\zutil.c">
      <Filter>Source Files\MongoC</Filter>
    </ClCompile>
  </ItemGroup>
  <ItemGroup>
    <ClInclude Include="..\..\src\connection_pool.h">
      <Filter>Header Files</Filter>
    </ClInclude>
    <ClInclude Include="..\..\src\bcon.h">
      <Filter>Source Files\MongoC</Filter>
    </ClInclude>
    <ClInclude Include="..\..\src\bson.h">
      <Filter>Source Files\MongoC</Filter>
    </ClInclude>
    <ClInclude Include="..\..\src\encoding.h">
      <Filter>Source Files\MongoC</Filter>
    </ClInclude>
    <ClInclude Include="..\..\src\env.h">
      <Filter>Source Files\MongoC</Filter>
    </ClInclude>
    <ClInclude Include="..\..\src\gridfs.h">
      <Filter>Source Files\MongoC</Filter>
    </ClInclude>
    <ClInclude Include="..\..\src\md5.h">
      <Filter>Source Files\MongoC</Filter>
    </ClInclude>
    <ClInclude Include="..\..\src\mongo.h">
      <Filter>Source Files\MongoC</Filter>
    </ClInclude>
    <ClInclude Include="..\..\src\platform.h">
      <Filter>Source Files\MongoC</Filter>
    </ClInclude>
    <ClInclude Include="..\..\src\resource.h">
      <Filter>Source Files\MongoC</Filter>
    </ClInclude>
    <ClInclude Include="..\..\src\targetver.h">
      <Filter>Source Files\MongoC</Filter>
    </ClInclude>
    <ClInclude Include="..\..\src\ZLib_AES_Filter.h">
      <Filter>Source Files\MongoC</Filter>
    </ClInclude>
    <ClInclude Include="..\..\..\fast-aes\ext\rijndael-alg-fst.h">
      <Filter>Source Files\MongoC</Filter>
    </ClInclude>
    <ClInclude Include="..\..\..\zlib\crc32.h">
      <Filter>Source Files\MongoC</Filter>
    </ClInclude>
    <ClInclude Include="..\..\..\zlib\deflate.h">
      <Filter>Source Files\MongoC</Filter>
    </ClInclude>
    <ClInclude Include="..\..\..\zlib\gzguts.h">
      <Filter>Source Files\MongoC</Filter>
    </ClInclude>
    <ClInclude Include="..\..\..\zlib\inffast.h">
      <Filter>Source Files\MongoC</Filter>
    </ClInclude>
    <ClInclude Include="..\..\..\zlib\inffixed.h">
      <Filter>Source Files\MongoC</Filter>
    </ClInclude>
    <ClInclude Include="..\..\..\zlib\inflate.h">
      <Filter>Source Files\MongoC</Filter>
    </ClInclude>
    <ClInclude Include="..\..\..\zlib\inftrees.h">
      <Filter>Source Files\MongoC</Filter>
    </ClInclude>
    <ClInclude Include="..\..\..\zlib\trees.h">
      <Filter>Source Files\MongoC</Filter>
    </ClInclude>
    <ClInclude Include="..\..\..\zlib\zconf.h">
      <Filter>Source Files\MongoC</Filter>
    </ClInclude>
    <ClInclude Include="..\..\..\zlib\zlib.h">
      <Filter>Source Files\MongoC</Filter>
    </ClInclude>
    <ClInclude Include="..\..\..\zlib\zutil.h">
      <Filter>Source Files\MongoC</Filter>
    </ClInclude>
  </ItemGroup>
</Project>